
Microsoft Visual Studio Solution File, Format Version 12.00
# Visual Studio Version 17
VisualStudioVersion = 17.9.34728.123
MinimumVisualStudioVersion = 10.0.40219.1
Project("{2150E333-8FDC-42A3-9474-1A3956D46DE8}") = "src", "src", "{71C5546C-FFCE-4488-90D1-4A5A4C3CCDD0}"
EndProject
Project("{FAE04EC0-301F-11D3-BF4B-00C04F79EFBC}") = "Domain", "src\Domain\Domain.csproj", "{A4497322-3FE1-45A7-8435-D55D3F635816}"
EndProject
Project("{FAE04EC0-301F-11D3-BF4B-00C04F79EFBC}") = "Infrastructure", "src\Infrastructure\Infrastructure.csproj", "{40718DB0-07E6-4C69-8838-4DABCB02D587}"
EndProject
Project("{FAE04EC0-301F-11D3-BF4B-00C04F79EFBC}") = "Application", "src\Application\Application.csproj", "{47B4CCA9-0D7D-4290-A794-73A3E6F03A29}"
EndProject
Global
	GlobalSection(SolutionConfigurationPlatforms) = preSolution
		Debug|Any CPU = Debug|Any CPU
		Release|Any CPU = Release|Any CPU
	EndGlobalSection
	GlobalSection(ProjectConfigurationPlatforms) = postSolution
		{A4497322-3FE1-45A7-8435-D55D3F635816}.Debug|Any CPU.ActiveCfg = Debug|Any CPU
		{A4497322-3FE1-45A7-8435-D55D3F635816}.Debug|Any CPU.Build.0 = Debug|Any CPU
		{A4497322-3FE1-45A7-8435-D55D3F635816}.Release|Any CPU.ActiveCfg = Release|Any CPU
		{A4497322-3FE1-45A7-8435-D55D3F635816}.Release|Any CPU.Build.0 = Release|Any CPU
		{40718DB0-07E6-4C69-8838-4DABCB02D587}.Debug|Any CPU.ActiveCfg = Debug|Any CPU
		{40718DB0-07E6-4C69-8838-4DABCB02D587}.Debug|Any CPU.Build.0 = Debug|Any CPU
		{40718DB0-07E6-4C69-8838-4DABCB02D587}.Release|Any CPU.ActiveCfg = Release|Any CPU
		{40718DB0-07E6-4C69-8838-4DABCB02D587}.Release|Any CPU.Build.0 = Release|Any CPU
		{47B4CCA9-0D7D-4290-A794-73A3E6F03A29}.Debug|Any CPU.ActiveCfg = Debug|Any CPU
		{47B4CCA9-0D7D-4290-A794-73A3E6F03A29}.Debug|Any CPU.Build.0 = Debug|Any CPU
		{47B4CCA9-0D7D-4290-A794-73A3E6F03A29}.Release|Any CPU.ActiveCfg = Release|Any CPU
		{47B4CCA9-0D7D-4290-A794-73A3E6F03A29}.Release|Any CPU.Build.0 = Release|Any CPU
	EndGlobalSection
	GlobalSection(SolutionProperties) = preSolution
		HideSolutionNode = FALSE
	EndGlobalSection
	GlobalSection(NestedProjects) = preSolution
		{A4497322-3FE1-45A7-8435-D55D3F635816} = {71C5546C-FFCE-4488-90D1-4A5A4C3CCDD0}
		{40718DB0-07E6-4C69-8838-4DABCB02D587} = {71C5546C-FFCE-4488-90D1-4A5A4C3CCDD0}
		{47B4CCA9-0D7D-4290-A794-73A3E6F03A29} = {71C5546C-FFCE-4488-90D1-4A5A4C3CCDD0}
	EndGlobalSection
	GlobalSection(ExtensibilityGlobals) = postSolution
		SolutionGuid = {1B1699F0-3E3F-4EA7-AFEC-7DFC374D72A3}
	EndGlobalSection
EndGlobal
